
Microsoft Visual Studio Solution File, Format Version 12.00
# Visual Studio Version 18
VisualStudioVersion = 18.1.11312.151 d18.0
MinimumVisualStudioVersion = 10.0.40219.1
Project("{FAE04EC0-301F-11D3-BF4B-00C04F79EFBC}") = "QRCodeGeneratorApp", "QRCodeGeneratorApp\QRCodeGeneratorApp.csproj", "{86E9B519-F974-C0E4-4A89-988ABBDE48D2}"
EndProject
Global
	GlobalSection(SolutionConfigurationPlatforms) = preSolution
		Debug|Any CPU = Debug|Any CPU
		Release|Any CPU = Release|Any CPU
	EndGlobalSection
	GlobalSection(ProjectConfigurationPlatforms) = postSolution
		{86E9B519-F974-C0E4-4A89-988ABBDE48D2}.Debug|Any CPU.ActiveCfg = Debug|Any CPU
		{86E9B519-F974-C0E4-4A89-988ABBDE48D2}.Debug|Any CPU.Build.0 = Debug|Any CPU
		{86E9B519-F974-C0E4-4A89-988ABBDE48D2}.Release|Any CPU.ActiveCfg = Release|Any CPU
		{86E9B519-F974-C0E4-4A89-988ABBDE48D2}.Release|Any CPU.Build.0 = Release|Any CPU
	EndGlobalSection
	GlobalSection(SolutionProperties) = preSolution
		HideSolutionNode = FALSE
	EndGlobalSection
	GlobalSection(ExtensibilityGlobals) = postSolution
		SolutionGuid = {2901E53C-2B44-46AD-9DFC-A7C0DDFC4C63}
	EndGlobalSection
EndGlobal
